
Microsoft Visual Studio Solution File, Format Version 12.00
# Visual Studio 15
VisualStudioVersion = 15.0.27428.1
MinimumVisualStudioVersion = 10.0.40219.1
Project("{9A19103F-16F7-4668-BE54-9A1E7A4F7556}") = "MovieAPIUnitTest", "MovieAPIUnitTest\MovieAPIUnitTest.csproj", "{DE797D7E-2014-4874-B76F-372755E743AA}"
EndProject
Project("{9A19103F-16F7-4668-BE54-9A1E7A4F7556}") = "JWTAuthServer", "JWTAuthServer\JWTAuthServer.csproj", "{707C44C6-C4F5-4A68-86B9-8D5AF8B12260}"
EndProject
Project("{9A19103F-16F7-4668-BE54-9A1E7A4F7556}") = "MovieAPI", "MovieAPI\MovieAPI.csproj", "{3A9C6E61-904E-4206-A725-ABC69093B488}"
EndProject
Global
	GlobalSection(SolutionConfigurationPlatforms) = preSolution
		Debug|Any CPU = Debug|Any CPU
		Release|Any CPU = Release|Any CPU
	EndGlobalSection
	GlobalSection(ProjectConfigurationPlatforms) = postSolution
		{DE797D7E-2014-4874-B76F-372755E743AA}.Debug|Any CPU.ActiveCfg = Debug|Any CPU
		{DE797D7E-2014-4874-B76F-372755E743AA}.Debug|Any CPU.Build.0 = Debug|Any CPU
		{DE797D7E-2014-4874-B76F-372755E743AA}.Release|Any CPU.ActiveCfg = Release|Any CPU
		{DE797D7E-2014-4874-B76F-372755E743AA}.Release|Any CPU.Build.0 = Release|Any CPU
		{707C44C6-C4F5-4A68-86B9-8D5AF8B12260}.Debug|Any CPU.ActiveCfg = Debug|Any CPU
		{707C44C6-C4F5-4A68-86B9-8D5AF8B12260}.Debug|Any CPU.Build.0 = Debug|Any CPU
		{707C44C6-C4F5-4A68-86B9-8D5AF8B12260}.Release|Any CPU.ActiveCfg = Release|Any CPU
		{707C44C6-C4F5-4A68-86B9-8D5AF8B12260}.Release|Any CPU.Build.0 = Release|Any CPU
		{3A9C6E61-904E-4206-A725-ABC69093B488}.Debug|Any CPU.ActiveCfg = Debug|Any CPU
		{3A9C6E61-904E-4206-A725-ABC69093B488}.Debug|Any CPU.Build.0 = Debug|Any CPU
		{3A9C6E61-904E-4206-A725-ABC69093B488}.Release|Any CPU.ActiveCfg = Release|Any CPU
		{3A9C6E61-904E-4206-A725-ABC69093B488}.Release|Any CPU.Build.0 = Release|Any CPU
	EndGlobalSection
	GlobalSection(SolutionProperties) = preSolution
		HideSolutionNode = FALSE
	EndGlobalSection
	GlobalSection(ExtensibilityGlobals) = postSolution
		SolutionGuid = {BB475F75-6A60-4560-B238-051758DD96C4}
	EndGlobalSection
EndGlobal
